// !$*UTF8*$!
{
	archiveVersion = 1;
	classes = {
	};
	objectVersion = 77;
	objects = {

/* Begin PBXBuildFile section */
		C0000000000000000000000D /* LiteWidget.appex in Embed App Extensions */ = {isa = PBXBuildFile; fileRef = C00000000000000000000001 /* LiteWidget.appex */; settings = {ATTRIBUTES = (RemoveHeadersOnCopy, ); }; };
		D10000000000000000000003 /* RevenueCat in Frameworks */ = {isa = PBXBuildFile; productRef = D10000000000000000000002 /* RevenueCat */; };
/* End PBXBuildFile section */

/* Begin PBXContainerItemProxy section */
		1A0000000000000000000006 /* PBXContainerItemProxy */ = {
			isa = PBXContainerItemProxy;
			containerPortal = E2426C31305D5B4A00A79E6F /* Project object */;
			proxyType = 1;
			remoteGlobalIDString = E2426C38305D5B4B00A79E6F;
			remoteInfo = lite;
		};
		1B0000000000000000000006 /* PBXContainerItemProxy */ = {
			isa = PBXContainerItemProxy;
			containerPortal = E2426C31305D5B4A00A79E6F /* Project object */;
			proxyType = 1;
			remoteGlobalIDString = E2426C38305D5B4B00A79E6F;
			remoteInfo = lite;
		};
		C0000000000000000000000F /* PBXContainerItemProxy */ = {
			isa = PBXContainerItemProxy;
			containerPortal = E2426C31305D5B4A00A79E6F /* Project object */;
			proxyType = 1;
			remoteGlobalIDString = C00000000000000000000008;
			remoteInfo = LiteWidget;
		};
/* End PBXContainerItemProxy section */

/* Begin PBXCopyFilesBuildPhase section */
		C0000000000000000000000C /* Embed App Extensions */ = {
			isa = PBXCopyFilesBuildPhase;
			buildActionMask = 2147483647;
			dstPath = "";
			dstSubfolderSpec = 13;
			files = (
				C0000000000000000000000D /* LiteWidget.appex in Embed App Extensions */,
			);
			name = "Embed App Extensions";
			runOnlyForDeploymentPostprocessing = 0;
		};
/* End PBXCopyFilesBuildPhase section */

/* Begin PBXFileReference section */
		1A0000000000000000000001 /* liteTests.xctest */ = {isa = PBXFileReference; explicitFileType = wrapper.cfbundle; includeInIndex = 0; path = liteTests.xctest; sourceTree = BUILT_PRODUCTS_DIR; };
		1B0000000000000000000001 /* liteUITests.xctest */ = {isa = PBXFileReference; explicitFileType = wrapper.cfbundle; includeInIndex = 0; path = liteUITests.xctest; sourceTree = BUILT_PRODUCTS_DIR; };
		C00000000000000000000001 /* LiteWidget.appex */ = {isa = PBXFileReference; explicitFileType = "wrapper.app-extension"; includeInIndex = 0; path = LiteWidget.appex; sourceTree = BUILT_PRODUCTS_DIR; };
		E2426C39305D5B4B00A79E6F /* lite.app */ = {isa = PBXFileReference; explicitFileType = wrapper.application; includeInIndex = 0; path = lite.app; sourceTree = BUILT_PRODUCTS_DIR; };
/* End PBXFileReference section */

/* Begin PBXFileSystemSynchronizedRootGroup section */
		1A0000000000000000000002 /* liteTests */ = {
			isa = PBXFileSystemSynchronizedRootGroup;
			path = liteTests;
			sourceTree = "<group>";
		};
		1B0000000000000000000002 /* liteUITests */ = {
			isa = PBXFileSystemSynchronizedRootGroup;
			path = liteUITests;
			sourceTree = "<group>";
		};
		C00000000000000000000002 /* LiteWidget */ = {
			isa = PBXFileSystemSynchronizedRootGroup;
			path = LiteWidget;
			sourceTree = "<group>";
		};
		E2426C3B305D5B4B00A79E6F /* lite */ = {
			isa = PBXFileSystemSynchronizedRootGroup;
			path = lite;
			sourceTree = "<group>";
		};
/* End PBXFileSystemSynchronizedRootGroup section */

/* Begin PBXFrameworksBuildPhase section */
		1A0000000000000000000004 /* Frameworks */ = {
			isa = PBXFrameworksBuildPhase;
			buildActionMask = 2147483647;
			files = (
			);
			runOnlyForDeploymentPostprocessing = 0;
		};
		1B0000000000000000000004 /* Frameworks */ = {
			isa = PBXFrameworksBuildPhase;
			buildActionMask = 2147483647;
			files = (
			);
			runOnlyForDeploymentPostprocessing = 0;
		};
		C00000000000000000000004 /* Frameworks */ = {
			isa = PBXFrameworksBuildPhase;
			buildActionMask = 2147483647;
			files = (
			);
			runOnlyForDeploymentPostprocessing = 0;
		};
		E2426C36305D5B4B00A79E6F /* Frameworks */ = {
			isa = PBXFrameworksBuildPhase;
			buildActionMask = 2147483647;
			files = (
				D10000000000000000000003 /* RevenueCat in Frameworks */,
			);
			runOnlyForDeploymentPostprocessing = 0;
		};
/* End PBXFrameworksBuildPhase section */

/* Begin PBXGroup section */
		E2426C30305D5B4A00A79E6F = {
			isa = PBXGroup;
			children = (
				E2426C3B305D5B4B00A79E6F /* lite */,
				C00000000000000000000002 /* LiteWidget */,
				1A0000000000000000000002 /* liteTests */,
				1B0000000000000000000002 /* liteUITests */,
				E2426C3A305D5B4B00A79E6F /* Products */,
			);
			sourceTree = "<group>";
		};
		E2426C3A305D5B4B00A79E6F /* Products */ = {
			isa = PBXGroup;
			children = (
				E2426C39305D5B4B00A79E6F /* lite.app */,
				C00000000000000000000001 /* LiteWidget.appex */,
				1A0000000000000000000001 /* liteTests.xctest */,
				1B0000000000000000000001 /* liteUITests.xctest */,
			);
			name = Products;
			sourceTree = "<group>";
		};
/* End PBXGroup section */

/* Begin PBXNativeTarget section */
		1A0000000000000000000008 /* liteTests */ = {
			isa = PBXNativeTarget;
			buildConfigurationList = 1A0000000000000000000009 /* Build configuration list for PBXNativeTarget "liteTests" */;
			buildPhases = (
				1A0000000000000000000003 /* Sources */,
				1A0000000000000000000004 /* Frameworks */,
				1A0000000000000000000005 /* Resources */,
			);
			buildRules = (
			);
			dependencies = (
				1A0000000000000000000007 /* PBXTargetDependency */,
			);
			fileSystemSynchronizedGroups = (
				1A0000000000000000000002 /* liteTests */,
			);
			name = liteTests;
			productName = liteTests;
			productReference = 1A0000000000000000000001 /* liteTests.xctest */;
			productType = "com.apple.product-type.bundle.unit-test";
		};
		1B0000000000000000000008 /* liteUITests */ = {
			isa = PBXNativeTarget;
			buildConfigurationList = 1B0000000000000000000009 /* Build configuration list for PBXNativeTarget "liteUITests" */;
			buildPhases = (
				1B0000000000000000000003 /* Sources */,
				1B0000000000000000000004 /* Frameworks */,
				1B0000000000000000000005 /* Resources */,
			);
			buildRules = (
			);
			dependencies = (
				1B0000000000000000000007 /* PBXTargetDependency */,
			);
			fileSystemSynchronizedGroups = (
				1B0000000000000000000002 /* liteUITests */,
			);
			name = liteUITests;
			productName = liteUITests;
			productReference = 1B0000000000000000000001 /* liteUITests.xctest */;
			productType = "com.apple.product-type.bundle.ui-testing";
		};
		C00000000000000000000008 /* LiteWidget */ = {
			isa = PBXNativeTarget;
			buildConfigurationList = C00000000000000000000009 /* Build configuration list for PBXNativeTarget "LiteWidget" */;
			buildPhases = (
				C00000000000000000000003 /* Sources */,
				C00000000000000000000004 /* Frameworks */,
				C00000000000000000000005 /* Resources */,
			);
			buildRules = (
			);
			dependencies = (
			);
			fileSystemSynchronizedGroups = (
				C00000000000000000000002 /* LiteWidget */,
			);
			name = LiteWidget;
			packageProductDependencies = (
			);
			productName = LiteWidget;
			productReference = C00000000000000000000001 /* LiteWidget.appex */;
			productType = "com.apple.product-type.app-extension";
		};
		E2426C38305D5B4B00A79E6F /* lite */ = {
			isa = PBXNativeTarget;
			buildConfigurationList = E2426C44305D5B4C00A79E6F /* Build configuration list for PBXNativeTarget "lite" */;
			buildPhases = (
				E2426C35305D5B4B00A79E6F /* Sources */,
				E2426C36305D5B4B00A79E6F /* Frameworks */,
				E2426C37305D5B4B00A79E6F /* Resources */,
				C0000000000000000000000C /* Embed App Extensions */,
			);
			buildRules = (
			);
			dependencies = (
				C0000000000000000000000E /* PBXTargetDependency */,
			);
			fileSystemSynchronizedGroups = (
				E2426C3B305D5B4B00A79E6F /* lite */,
			);
			name = lite;
			packageProductDependencies = (
				D10000000000000000000002 /* RevenueCat */,
			);
			productName = lite;
			productReference = E2426C39305D5B4B00A79E6F /* lite.app */;
			productType = "com.apple.product-type.application";
		};
/* End PBXNativeTarget section */

/* Begin PBXProject section */
		E2426C31305D5B4A00A79E6F /* Project object */ = {
			isa = PBXProject;
			attributes = {
				BuildIndependentTargetsInParallel = 1;
				LastSwiftUpdateCheck = 2600;
				LastUpgradeCheck = 2600;
				TargetAttributes = {
					1A0000000000000000000008 = {
						CreatedOnToolsVersion = 26.0;
						TestTargetID = E2426C38305D5B4B00A79E6F;
					};
					1B0000000000000000000008 = {
						CreatedOnToolsVersion = 26.0;
						TestTargetID = E2426C38305D5B4B00A79E6F;
					};
					C00000000000000000000008 = {
						CreatedOnToolsVersion = 26.0;
					};
					E2426C38305D5B4B00A79E6F = {
						CreatedOnToolsVersion = 26.0;
						SystemCapabilities = {
							com.apple.InAppPurchase = {
								enabled = 1;
							};
						};
					};
				};
			};
			buildConfigurationList = E2426C34305D5B4A00A79E6F /* Build configuration list for PBXProject "lite" */;
			developmentRegion = en;
			hasScannedForEncodings = 0;
			knownRegions = (
				en,
				Base,
			);
			mainGroup = E2426C30305D5B4A00A79E6F;
			minimizedProjectReferenceProxies = 1;
			packageReferences = (
				D10000000000000000000001 /* XCRemoteSwiftPackageReference "purchases-ios" */,
			);
			preferredProjectObjectVersion = 77;
			productRefGroup = E2426C3A305D5B4B00A79E6F /* Products */;
			projectDirPath = "";
			projectRoot = "";
			targets = (
				E2426C38305D5B4B00A79E6F /* lite */,
				C00000000000000000000008 /* LiteWidget */,
				1A0000000000000000000008 /* liteTests */,
				1B0000000000000000000008 /* liteUITests */,
			);
		};
/* End PBXProject section */

/* Begin PBXResourcesBuildPhase section */
		1A0000000000000000000005 /* Resources */ = {
			isa = PBXResourcesBuildPhase;
			buildActionMask = 2147483647;
			files = (
			);
			runOnlyForDeploymentPostprocessing = 0;
		};
		1B0000000000000000000005 /* Resources */ = {
			isa = PBXResourcesBuildPhase;
			buildActionMask = 2147483647;
			files = (
			);
			runOnlyForDeploymentPostprocessing = 0;
		};
		C00000000000000000000005 /* Resources */ = {
			isa = PBXResourcesBuildPhase;
			buildActionMask = 2147483647;
			files = (
			);
			runOnlyForDeploymentPostprocessing = 0;
		};
		E2426C37305D5B4B00A79E6F /* Resources */ = {
			isa = PBXResourcesBuildPhase;
			buildActionMask = 2147483647;
			files = (
			);
			runOnlyForDeploymentPostprocessing = 0;
		};
/* End PBXResourcesBuildPhase section */

/* Begin PBXSourcesBuildPhase section */
		1A0000000000000000000003 /* Sources */ = {
			isa = PBXSourcesBuildPhase;
			buildActionMask = 2147483647;
			files = (
			);
			runOnlyForDeploymentPostprocessing = 0;
		};
		1B0000000000000000000003 /* Sources */ = {
			isa = PBXSourcesBuildPhase;
			buildActionMask = 2147483647;
			files = (
			);
			runOnlyForDeploymentPostprocessing = 0;
		};
		C00000000000000000000003 /* Sources */ = {
			isa = PBXSourcesBuildPhase;
			buildActionMask = 2147483647;
			files = (
			);
			runOnlyForDeploymentPostprocessing = 0;
		};
		E2426C35305D5B4B00A79E6F /* Sources */ = {
			isa = PBXSourcesBuildPhase;
			buildActionMask = 2147483647;
			files = (
			);
			runOnlyForDeploymentPostprocessing = 0;
		};
/* End PBXSourcesBuildPhase section */

/* Begin PBXTargetDependency section */
		1A0000000000000000000007 /* PBXTargetDependency */ = {
			isa = PBXTargetDependency;
			target = E2426C38305D5B4B00A79E6F /* lite */;
			targetProxy = 1A0000000000000000000006 /* PBXContainerItemProxy */;
		};
		1B0000000000000000000007 /* PBXTargetDependency */ = {
			isa = PBXTargetDependency;
			target = E2426C38305D5B4B00A79E6F /* lite */;
			targetProxy = 1B0000000000000000000006 /* PBXContainerItemProxy */;
		};
		C0000000000000000000000E /* PBXTargetDependency */ = {
			isa = PBXTargetDependency;
			target = C00000000000000000000008 /* LiteWidget */;
			targetProxy = C0000000000000000000000F /* PBXContainerItemProxy */;
		};
/* End PBXTargetDependency section */

/* Begin XCBuildConfiguration section */
		1A000000000000000000000A /* Debug */ = {
			isa = XCBuildConfiguration;
			buildSettings = {
				BUNDLE_LOADER = "$(TEST_HOST)";
				CODE_SIGN_STYLE = Automatic;
				DEVELOPMENT_TEAM = 6J37W2X7S6;
				GENERATE_INFOPLIST_FILE = YES;
				IPHONEOS_DEPLOYMENT_TARGET = 17.0;
				PRODUCT_BUNDLE_IDENTIFIER = aniket.liteTests;
				PRODUCT_NAME = "$(TARGET_NAME)";
				SWIFT_EMIT_LOC_STRINGS = NO;
				SWIFT_VERSION = 5.0;
				TARGETED_DEVICE_FAMILY = "1,2";
				TEST_HOST = "$(BUILT_PRODUCTS_DIR)/lite.app/$(BUNDLE_EXECUTABLE_FOLDER_PATH)/lite";
			};
			name = Debug;
		};
		1A000000000000000000000B /* Release */ = {
			isa = XCBuildConfiguration;
			buildSettings = {
				BUNDLE_LOADER = "$(TEST_HOST)";
				CODE_SIGN_STYLE = Automatic;
				DEVELOPMENT_TEAM = 6J37W2X7S6;
				GENERATE_INFOPLIST_FILE = YES;
				IPHONEOS_DEPLOYMENT_TARGET = 17.0;
				PRODUCT_BUNDLE_IDENTIFIER = aniket.liteTests;
				PRODUCT_NAME = "$(TARGET_NAME)";
				SWIFT_EMIT_LOC_STRINGS = NO;
				SWIFT_VERSION = 5.0;
				TARGETED_DEVICE_FAMILY = "1,2";
				TEST_HOST = "$(BUILT_PRODUCTS_DIR)/lite.app/$(BUNDLE_EXECUTABLE_FOLDER_PATH)/lite";
			};
			name = Release;
		};
		1B000000000000000000000A /* Debug */ = {
			isa = XCBuildConfiguration;
			buildSettings = {
				CODE_SIGN_STYLE = Automatic;
				DEVELOPMENT_TEAM = 6J37W2X7S6;
				GENERATE_INFOPLIST_FILE = YES;
				IPHONEOS_DEPLOYMENT_TARGET = 17.0;
				PRODUCT_BUNDLE_IDENTIFIER = aniket.liteUITests;
				PRODUCT_NAME = "$(TARGET_NAME)";
				SWIFT_EMIT_LOC_STRINGS = NO;
				SWIFT_VERSION = 5.0;
				TARGETED_DEVICE_FAMILY = "1,2";
				TEST_TARGET_NAME = lite;
			};
			name = Debug;
		};
		1B000000000000000000000B /* Release */ = {
			isa = XCBuildConfiguration;
			buildSettings = {
				CODE_SIGN_STYLE = Automatic;
				DEVELOPMENT_TEAM = 6J37W2X7S6;
				GENERATE_INFOPLIST_FILE = YES;
				IPHONEOS_DEPLOYMENT_TARGET = 17.0;
				PRODUCT_BUNDLE_IDENTIFIER = aniket.liteUITests;
				PRODUCT_NAME = "$(TARGET_NAME)";
				SWIFT_EMIT_LOC_STRINGS = NO;
				SWIFT_VERSION = 5.0;
				TARGETED_DEVICE_FAMILY = "1,2";
				TEST_TARGET_NAME = lite;
			};
			name = Release;
		};
		C0000000000000000000000A /* Debug */ = {
			isa = XCBuildConfiguration;
			buildSettings = {
				CODE_SIGN_ENTITLEMENTS = Configuration/LiteWidget.entitlements;
				CODE_SIGN_STYLE = Automatic;
				CURRENT_PROJECT_VERSION = 16;
				DEVELOPMENT_TEAM = 6J37W2X7S6;
				GENERATE_INFOPLIST_FILE = NO;
				INFOPLIST_FILE = "Configuration/LiteWidget-Info.plist";
				IPHONEOS_DEPLOYMENT_TARGET = 17.0;
				LD_RUNPATH_SEARCH_PATHS = (
					"$(inherited)",
					"@executable_path/Frameworks",
					"@executable_path/../../Frameworks",
				);
				MARKETING_VERSION = 2.3;
				PRODUCT_BUNDLE_IDENTIFIER = aniket.lite.LiteWidget;
				PRODUCT_NAME = "$(TARGET_NAME)";
				SKIP_INSTALL = YES;
				SWIFT_APPROACHABLE_CONCURRENCY = YES;
				SWIFT_DEFAULT_ACTOR_ISOLATION = MainActor;
				SWIFT_EMIT_LOC_STRINGS = YES;
				SWIFT_VERSION = 5.0;
				TARGETED_DEVICE_FAMILY = "1,2";
			};
			name = Debug;
		};
		C0000000000000000000000B /* Release */ = {
			isa = XCBuildConfiguration;
			buildSettings = {
				CODE_SIGN_ENTITLEMENTS = Configuration/LiteWidget.entitlements;
				CODE_SIGN_STYLE = Automatic;
				CURRENT_PROJECT_VERSION = 16;
				DEVELOPMENT_TEAM = 6J37W2X7S6;
				GENERATE_INFOPLIST_FILE = NO;
				INFOPLIST_FILE = "Configuration/LiteWidget-Info.plist";
				IPHONEOS_DEPLOYMENT_TARGET = 17.0;
				LD_RUNPATH_SEARCH_PATHS = (
					"$(inherited)",
					"@executable_path/Frameworks",
					"@executable_path/../../Frameworks",
				);
				MARKETING_VERSION = 2.3;
				PRODUCT_BUNDLE_IDENTIFIER = aniket.lite.LiteWidget;
				PRODUCT_NAME = "$(TARGET_NAME)";
				SKIP_INSTALL = YES;
				SWIFT_APPROACHABLE_CONCURRENCY = YES;
				SWIFT_DEFAULT_ACTOR_ISOLATION = MainActor;
				SWIFT_EMIT_LOC_STRINGS = YES;
				SWIFT_VERSION = 5.0;
				TARGETED_DEVICE_FAMILY = "1,2";
			};
			name = Release;
		};
		E2426C42305D5B4C00A79E6F /* Debug */ = {
			isa = XCBuildConfiguration;
			buildSettings = {
				ALWAYS_SEARCH_USER_PATHS = NO;
				ASSETCATALOG_COMPILER_GENERATE_SWIFT_ASSET_SYMBOL_EXTENSIONS = YES;
				CLANG_ANALYZER_NONNULL = YES;
				CLANG_ANALYZER_NUMBER_OBJECT_CONVERSION = YES_AGGRESSIVE;
				CLANG_CXX_LANGUAGE_STANDARD = "gnu++20";
				CLANG_ENABLE_MODULES = YES;
				CLANG_ENABLE_OBJC_ARC = YES;
				CLANG_ENABLE_OBJC_WEAK = YES;
				CLANG_WARN_BLOCK_CAPTURE_AUTORELEASING = YES;
				CLANG_WARN_BOOL_CONVERSION = YES;
				CLANG_WARN_COMMA = YES;
				CLANG_WARN_CONSTANT_CONVERSION = YES;
				CLANG_WARN_DEPRECATED_OBJC_IMPLEMENTATIONS = YES;
				CLANG_WARN_DIRECT_OBJC_ISA_USAGE = YES_ERROR;
				CLANG_WARN_DOCUMENTATION_COMMENTS = YES;
				CLANG_WARN_EMPTY_BODY = YES;
				CLANG_WARN_ENUM_CONVERSION = YES;
				CLANG_WARN_INFINITE_RECURSION = YES;
				CLANG_WARN_INT_CONVERSION = YES;
				CLANG_WARN_NON_LITERAL_NULL_CONVERSION = YES;
				CLANG_WARN_OBJC_IMPLICIT_RETAIN_SELF = YES;
				CLANG_WARN_OBJC_LITERAL_CONVERSION = YES;
				CLANG_WARN_OBJC_ROOT_CLASS = YES_ERROR;
				CLANG_WARN_QUOTED_INCLUDE_IN_FRAMEWORK_HEADER = YES;
				CLANG_WARN_RANGE_LOOP_ANALYSIS = YES;
				CLANG_WARN_STRICT_PROTOTYPES = YES;
				CLANG_WARN_SUSPICIOUS_MOVE = YES;
				CLANG_WARN_UNGUARDED_AVAILABILITY = YES_AGGRESSIVE;
				CLANG_WARN_UNREACHABLE_CODE = YES;
				CLANG_WARN__DUPLICATE_METHOD_MATCH = YES;
				COPY_PHASE_STRIP = NO;
				DEBUG_INFORMATION_FORMAT = dwarf;
				ENABLE_STRICT_OBJC_MSGSEND = YES;
				ENABLE_TESTABILITY = YES;
				ENABLE_USER_SCRIPT_SANDBOXING = YES;
				GCC_C_LANGUAGE_STANDARD = gnu17;
				GCC_DYNAMIC_NO_PIC = NO;
				GCC_NO_COMMON_BLOCKS = YES;
				GCC_OPTIMIZATION_LEVEL = 0;
				GCC_PREPROCESSOR_DEFINITIONS = (
					"DEBUG=1",
					"$(inherited)",
				);
				GCC_WARN_64_TO_32_BIT_CONVERSION = YES;
				GCC_WARN_ABOUT_RETURN_TYPE = YES_ERROR;
				GCC_WARN_UNDECLARED_SELECTOR = YES;
				GCC_WARN_UNINITIALIZED_AUTOS = YES_AGGRESSIVE;
				GCC_WARN_UNUSED_FUNCTION = YES;
				GCC_WARN_UNUSED_VARIABLE = YES;
				IPHONEOS_DEPLOYMENT_TARGET = 17.0;
				LOCALIZATION_PREFERS_STRING_CATALOGS = YES;
				MTL_ENABLE_DEBUG_INFO = INCLUDE_SOURCE;
				MTL_FAST_MATH = YES;
				ONLY_ACTIVE_ARCH = YES;
				SDKROOT = iphoneos;
				SWIFT_ACTIVE_COMPILATION_CONDITIONS = "DEBUG $(inherited)";
				SWIFT_OPTIMIZATION_LEVEL = "-Onone";
			};
			name = Debug;
		};
		E2426C43305D5B4C00A79E6F /* Release */ = {
			isa = XCBuildConfiguration;
			buildSettings = {
				ALWAYS_SEARCH_USER_PATHS = NO;
				ASSETCATALOG_COMPILER_GENERATE_SWIFT_ASSET_SYMBOL_EXTENSIONS = YES;
				CLANG_ANALYZER_NONNULL = YES;
				CLANG_ANALYZER_NUMBER_OBJECT_CONVERSION = YES_AGGRESSIVE;
				CLANG_CXX_LANGUAGE_STANDARD = "gnu++20";
				CLANG_ENABLE_MODULES = YES;
				CLANG_ENABLE_OBJC_ARC = YES;
				CLANG_ENABLE_OBJC_WEAK = YES;
				CLANG_WARN_BLOCK_CAPTURE_AUTORELEASING = YES;
				CLANG_WARN_BOOL_CONVERSION = YES;
				CLANG_WARN_COMMA = YES;
				CLANG_WARN_CONSTANT_CONVERSION = YES;
				CLANG_WARN_DEPRECATED_OBJC_IMPLEMENTATIONS = YES;
				CLANG_WARN_DIRECT_OBJC_ISA_USAGE = YES_ERROR;
				CLANG_WARN_DOCUMENTATION_COMMENTS = YES;
				CLANG_WARN_EMPTY_BODY = YES;
				CLANG_WARN_ENUM_CONVERSION = YES;
				CLANG_WARN_INFINITE_RECURSION = YES;
				CLANG_WARN_INT_CONVERSION = YES;
				CLANG_WARN_NON_LITERAL_NULL_CONVERSION = YES;
				CLANG_WARN_OBJC_IMPLICIT_RETAIN_SELF = YES;
				CLANG_WARN_OBJC_LITERAL_CONVERSION = YES;
				CLANG_WARN_OBJC_ROOT_CLASS = YES_ERROR;
				CLANG_WARN_QUOTED_INCLUDE_IN_FRAMEWORK_HEADER = YES;
				CLANG_WARN_RANGE_LOOP_ANALYSIS = YES;
				CLANG_WARN_STRICT_PROTOTYPES = YES;
				CLANG_WARN_SUSPICIOUS_MOVE = YES;
				CLANG_WARN_UNGUARDED_AVAILABILITY = YES_AGGRESSIVE;
				CLANG_WARN_UNREACHABLE_CODE = YES;
				CLANG_WARN__DUPLICATE_METHOD_MATCH = YES;
				COPY_PHASE_STRIP = NO;
				DEBUG_INFORMATION_FORMAT = "dwarf-with-dsym";
				ENABLE_NS_ASSERTIONS = NO;
				ENABLE_STRICT_OBJC_MSGSEND = YES;
				ENABLE_USER_SCRIPT_SANDBOXING = YES;
				GCC_C_LANGUAGE_STANDARD = gnu17;
				GCC_NO_COMMON_BLOCKS = YES;
				GCC_WARN_64_TO_32_BIT_CONVERSION = YES;
				GCC_WARN_ABOUT_RETURN_TYPE = YES_ERROR;
				GCC_WARN_UNDECLARED_SELECTOR = YES;
				GCC_WARN_UNINITIALIZED_AUTOS = YES_AGGRESSIVE;
				GCC_WARN_UNUSED_FUNCTION = YES;
				GCC_WARN_UNUSED_VARIABLE = YES;
				IPHONEOS_DEPLOYMENT_TARGET = 17.0;
				LOCALIZATION_PREFERS_STRING_CATALOGS = YES;
				MTL_ENABLE_DEBUG_INFO = NO;
				MTL_FAST_MATH = YES;
				SDKROOT = iphoneos;
				SWIFT_COMPILATION_MODE = wholemodule;
				VALIDATE_PRODUCT = YES;
			};
			name = Release;
		};
		E2426C45305D5B4C00A79E6F /* Debug */ = {
			isa = XCBuildConfiguration;
			buildSettings = {
				ASSETCATALOG_COMPILER_APPICON_NAME = AppIcon;
				ASSETCATALOG_COMPILER_GLOBAL_ACCENT_COLOR_NAME = AccentColor;
				CODE_SIGN_ENTITLEMENTS = Configuration/Lite.entitlements;
				CODE_SIGN_STYLE = Automatic;
				CURRENT_PROJECT_VERSION = 16;
				DEVELOPMENT_TEAM = 6J37W2X7S6;
				ENABLE_PREVIEWS = YES;
				GENERATE_INFOPLIST_FILE = YES;
				INFOPLIST_FILE = Configuration/Info.plist;
				INFOPLIST_KEY_CFBundleDisplayName = Lite;
				INFOPLIST_KEY_NSCameraUsageDescription = "Allow websites you choose to use your camera for photos and video calls.";
				INFOPLIST_KEY_NSFaceIDUsageDescription = "Use Face ID to unlock your private Lite Apps.";
				INFOPLIST_KEY_NSMicrophoneUsageDescription = "Allow websites you choose to use your microphone for audio and video calls.";
				INFOPLIST_KEY_NSPhotoLibraryAddUsageDescription = "Save images from your Lite Apps to your photo library.";
				INFOPLIST_KEY_UIApplicationSceneManifest_Generation = NO;
				INFOPLIST_KEY_UIApplicationSupportsIndirectInputEvents = YES;
				INFOPLIST_KEY_UILaunchScreen_Generation = YES;
				INFOPLIST_KEY_UISupportedInterfaceOrientations_iPad = "UIInterfaceOrientationPortrait UIInterfaceOrientationPortraitUpsideDown UIInterfaceOrientationLandscapeLeft UIInterfaceOrientationLandscapeRight";
				INFOPLIST_KEY_UISupportedInterfaceOrientations_iPhone = "UIInterfaceOrientationPortrait UIInterfaceOrientationLandscapeLeft UIInterfaceOrientationLandscapeRight";
				LD_RUNPATH_SEARCH_PATHS = (
					"$(inherited)",
					"@executable_path/Frameworks",
				);
				MARKETING_VERSION = 2.3;
				PRODUCT_BUNDLE_IDENTIFIER = aniket.lite;
				PRODUCT_NAME = "$(TARGET_NAME)";
				STRING_CATALOG_GENERATE_SYMBOLS = YES;
				SWIFT_APPROACHABLE_CONCURRENCY = YES;
				SWIFT_DEFAULT_ACTOR_ISOLATION = MainActor;
				SWIFT_EMIT_LOC_STRINGS = YES;
				SWIFT_UPCOMING_FEATURE_MEMBER_IMPORT_VISIBILITY = YES;
				SWIFT_VERSION = 5.0;
				TARGETED_DEVICE_FAMILY = "1,2";
			};
			name = Debug;
		};
		E2426C46305D5B4C00A79E6F /* Release */ = {
			isa = XCBuildConfiguration;
			buildSettings = {
				ASSETCATALOG_COMPILER_APPICON_NAME = AppIcon;
				ASSETCATALOG_COMPILER_GLOBAL_ACCENT_COLOR_NAME = AccentColor;
				CODE_SIGN_ENTITLEMENTS = Configuration/Lite.entitlements;
				CODE_SIGN_STYLE = Automatic;
				CURRENT_PROJECT_VERSION = 16;
				DEVELOPMENT_TEAM = 6J37W2X7S6;
				ENABLE_PREVIEWS = YES;
				GENERATE_INFOPLIST_FILE = YES;
				INFOPLIST_FILE = Configuration/Info.plist;
				INFOPLIST_KEY_CFBundleDisplayName = Lite;
				INFOPLIST_KEY_NSCameraUsageDescription = "Allow websites you choose to use your camera for photos and video calls.";
				INFOPLIST_KEY_NSFaceIDUsageDescription = "Use Face ID to unlock your private Lite Apps.";
				INFOPLIST_KEY_NSMicrophoneUsageDescription = "Allow websites you choose to use your microphone for audio and video calls.";
				INFOPLIST_KEY_NSPhotoLibraryAddUsageDescription = "Save images from your Lite Apps to your photo library.";
				INFOPLIST_KEY_UIApplicationSceneManifest_Generation = NO;
				INFOPLIST_KEY_UIApplicationSupportsIndirectInputEvents = YES;
				INFOPLIST_KEY_UILaunchScreen_Generation = YES;
				INFOPLIST_KEY_UISupportedInterfaceOrientations_iPad = "UIInterfaceOrientationPortrait UIInterfaceOrientationPortraitUpsideDown UIInterfaceOrientationLandscapeLeft UIInterfaceOrientationLandscapeRight";
				INFOPLIST_KEY_UISupportedInterfaceOrientations_iPhone = "UIInterfaceOrientationPortrait UIInterfaceOrientationLandscapeLeft UIInterfaceOrientationLandscapeRight";
				LD_RUNPATH_SEARCH_PATHS = (
					"$(inherited)",
					"@executable_path/Frameworks",
				);
				MARKETING_VERSION = 2.3;
				PRODUCT_BUNDLE_IDENTIFIER = aniket.lite;
				PRODUCT_NAME = "$(TARGET_NAME)";
				STRING_CATALOG_GENERATE_SYMBOLS = YES;
				SWIFT_APPROACHABLE_CONCURRENCY = YES;
				SWIFT_DEFAULT_ACTOR_ISOLATION = MainActor;
				SWIFT_EMIT_LOC_STRINGS = YES;
				SWIFT_UPCOMING_FEATURE_MEMBER_IMPORT_VISIBILITY = YES;
				SWIFT_VERSION = 5.0;
				TARGETED_DEVICE_FAMILY = "1,2";
			};
			name = Release;
		};
/* End XCBuildConfiguration section */

/* Begin XCConfigurationList section */
		1A0000000000000000000009 /* Build configuration list for PBXNativeTarget "liteTests" */ = {
			isa = XCConfigurationList;
			buildConfigurations = (
				1A000000000000000000000A /* Debug */,
				1A000000000000000000000B /* Release */,
			);
			defaultConfigurationIsVisible = 0;
			defaultConfigurationName = Release;
		};
		1B0000000000000000000009 /* Build configuration list for PBXNativeTarget "liteUITests" */ = {
			isa = XCConfigurationList;
			buildConfigurations = (
				1B000000000000000000000A /* Debug */,
				1B000000000000000000000B /* Release */,
			);
			defaultConfigurationIsVisible = 0;
			defaultConfigurationName = Release;
		};
		C00000000000000000000009 /* Build configuration list for PBXNativeTarget "LiteWidget" */ = {
			isa = XCConfigurationList;
			buildConfigurations = (
				C0000000000000000000000A /* Debug */,
				C0000000000000000000000B /* Release */,
			);
			defaultConfigurationIsVisible = 0;
			defaultConfigurationName = Release;
		};
		E2426C34305D5B4A00A79E6F /* Build configuration list for PBXProject "lite" */ = {
			isa = XCConfigurationList;
			buildConfigurations = (
				E2426C42305D5B4C00A79E6F /* Debug */,
				E2426C43305D5B4C00A79E6F /* Release */,
			);
			defaultConfigurationIsVisible = 0;
			defaultConfigurationName = Release;
		};
		E2426C44305D5B4C00A79E6F /* Build configuration list for PBXNativeTarget "lite" */ = {
			isa = XCConfigurationList;
			buildConfigurations = (
				E2426C45305D5B4C00A79E6F /* Debug */,
				E2426C46305D5B4C00A79E6F /* Release */,
			);
			defaultConfigurationIsVisible = 0;
			defaultConfigurationName = Release;
		};
/* End XCConfigurationList section */

/* Begin XCRemoteSwiftPackageReference section */
		D10000000000000000000001 /* XCRemoteSwiftPackageReference "purchases-ios" */ = {
			isa = XCRemoteSwiftPackageReference;
			repositoryURL = "https://github.com/RevenueCat/purchases-ios.git";
			requirement = {
				kind = exactVersion;
				version = 5.90.2;
			};
		};
/* End XCRemoteSwiftPackageReference section */

/* Begin XCSwiftPackageProductDependency section */
		D10000000000000000000002 /* RevenueCat */ = {
			isa = XCSwiftPackageProductDependency;
			package = D10000000000000000000001 /* XCRemoteSwiftPackageReference "purchases-ios" */;
			productName = RevenueCat;
		};
/* End XCSwiftPackageProductDependency section */
	};
	rootObject = E2426C31305D5B4A00A79E6F /* Project object */;
}
